
Microsoft Visual Studio Solution File, Format Version 12.00
# Visual Studio Version 16
VisualStudioVersion = 16.0.29326.143
MinimumVisualStudioVersion = 10.0.40219.1
Project("{FAE04EC0-301F-11D3-BF4B-00C04F79EFBC}") = "GameSnake", "GameSnake\GameSnake.csproj", "{82AC50B9-DBEA-4346-944F-E5C6BF49D98E}"
EndProject
Global
	GlobalSection(SolutionConfigurationPlatforms) = preSolution
		Debug|Any CPU = Debug|Any CPU
		Release|Any CPU = Release|Any CPU
	EndGlobalSection
	GlobalSection(ProjectConfigurationPlatforms) = postSolution
		{82AC50B9-DBEA-4346-944F-E5C6BF49D98E}.Debug|Any CPU.ActiveCfg = Debug|Any CPU
		{82AC50B9-DBEA-4346-944F-E5C6BF49D98E}.Debug|Any CPU.Build.0 = Debug|Any CPU
		{82AC50B9-DBEA-4346-944F-E5C6BF49D98E}.Release|Any CPU.ActiveCfg = Release|Any CPU
		{82AC50B9-DBEA-4346-944F-E5C6BF49D98E}.Release|Any CPU.Build.0 = Release|Any CPU
	EndGlobalSection
	GlobalSection(SolutionProperties) = preSolution
		HideSolutionNode = FALSE
	EndGlobalSection
	GlobalSection(ExtensibilityGlobals) = postSolution
		SolutionGuid = {383EDED3-A052-46BC-A10A-F95F8D5FB783}
	EndGlobalSection
EndGlobal
